<?xml version="1.0" encoding="utf-8"?>
<Project ToolsVersion="4.0" xmlns="http://schemas.microsoft.com/developer/msbuild/2003">
  <ItemGroup>
    <ClCompile Include="main.cpp" />
    <ClCompile Include="emulator.cpp" />
    <ClCompile Include="application.cpp" />
    <ClCompile Include="chip8\clock.cpp" />
    <ClCompile Include="chip8\memory.cpp" />
    <ClCompile Include="chip8\cpu.cpp" />
    <ClCompile Include="chip8\opcode.cpp" />
    <ClCompile Include="chip8\opcode_executions.cpp" />
    <ClCompile Include="chip8\keyboard.cpp" />
    <ClCompile Include="chip8\gfx_memory.cpp" />
  </ItemGroup>
  <ItemGroup>
    <ClInclude Include="emulator.h" />
    <ClInclude Include="application.h" />
    <ClInclude Include="chip8\clock.h" />
    <ClInclude Include="chip8\memory.h" />
    <ClInclude Include="chip8\cpu.h" />
    <ClInclude Include="chip8\opcode.h" />
    <ClInclude Include="chip8\opcode_executions.h" />
    <ClInclude Include="chip8\constants.h" />
    <ClInclude Include="chip8\keyboard.h" />
    <ClInclude Include="chip8\gfx_memory.h" />
  </ItemGroup>
</Project>